<?xml version="1.0" encoding="utf-8"?>
<Project ToolsVersion="4.0" xmlns="http://schemas.microsoft.com/developer/msbuild/2003">
  <ItemGroup>
    <Filter Include="ソース ファイル">
      <UniqueIdentifier>{4FC737F1-C7A5-4376-A066-2A32D752A2FF}</UniqueIdentifier>
      <Extensions>cpp;c;cc;cxx;def;odl;idl;hpj;bat;asm;asmx</Extensions>
    </Filter>
    <Filter Include="ヘッダー ファイル">
      <UniqueIdentifier>{93995380-89BD-4b04-88EB-625FBE52EBFB}</UniqueIdentifier>
      <Extensions>h;hh;hpp;hxx;hm;inl;inc;xsd</Extensions>
    </Filter>
    <Filter Include="リソース ファイル">
      <UniqueIdentifier>{67DA6AB6-F800-4c08-8B7A-83BB121AAD01}</UniqueIdentifier>
      <Extensions>rc;ico;cur;bmp;dlg;rc2;rct;bin;rgs;gif;jpg;jpeg;jpe;resx;tiff;tif;png;wav;mfcribbon-ms</Extensions>
    </Filter>
    <Filter Include="COMMON">
      <UniqueIdentifier>{6ef14bfd-5299-4fa5-92b8-64d58be571f4}</UniqueIdentifier>
    </Filter>
    <Filter Include="3rdparty">
      <UniqueIdentifier>{b402f975-588f-4288-9e8e-3ed617a0b641}</UniqueIdentifier>
    </Filter>
    <Filter Include="MODE">
      <UniqueIdentifier>{85da7aa4-af01-4158-8024-0a85f558024b}</UniqueIdentifier>
    </Filter>
    <Filter Include="Forms">
      <UniqueIdentifier>{e2ef9744-0a5b-4f01-89e6-29057a66eb17}</UniqueIdentifier>
    </Filter>
  </ItemGroup>
  <ItemGroup>
    <Text Include="ReadMe.txt" />
  </ItemGroup>
  <ItemGroup>
    <ClInclude Include="resource.h">
      <Filter>ヘッダー ファイル</Filter>
    </ClInclude>
    <ClInclude Include="FormMain.h">
      <Filter>Forms</Filter>
    </ClInclude>
    <ClInclude Include="ModeCore.h">
      <Filter>ヘッダー ファイル</Filter>
    </ClInclude>
    <ClInclude Include="ImageCore.h">
      <Filter>ヘッダー ファイル</Filter>
    </ClInclude>
    <ClInclude Include="FormVisParam.h">
      <Filter>Forms</Filter>
    </ClInclude>
    <ClInclude Include="mode\ModeVizNormal.h">
      <Filter>MODE</Filter>
    </ClInclude>
    <ClInclude Include="mode\GlslShader.h">
      <Filter>MODE</Filter>
    </ClInclude>
    <ClInclude Include="CrsSecCore.h">
      <Filter>ヘッダー ファイル</Filter>
    </ClInclude>
    <ClInclude Include="FormVisNorm.h">
      <Filter>Forms</Filter>
    </ClInclude>
    <ClInclude Include="mode\ModeVizMask.h">
      <Filter>MODE</Filter>
    </ClInclude>
    <ClInclude Include="FormVisMask.h">
      <Filter>Forms</Filter>
    </ClInclude>
    <ClInclude Include="climessagebox.h">
      <Filter>ヘッダー ファイル</Filter>
    </ClInclude>
    <ClInclude Include="FormStackOrder.h">
      <Filter>Forms</Filter>
    </ClInclude>
    <ClInclude Include="FormSegRGrow.h">
      <Filter>Forms</Filter>
    </ClInclude>
    <ClInclude Include="FormSegGCut.h">
      <Filter>Forms</Filter>
    </ClInclude>
    <ClInclude Include="mode\ModeSegGCut.h">
      <Filter>MODE</Filter>
    </ClInclude>
    <ClInclude Include="mode\ModeSegRGrow.h">
      <Filter>MODE</Filter>
    </ClInclude>
    <ClInclude Include="FormMaskIDselection.h">
      <Filter>Forms</Filter>
    </ClInclude>
    <ClInclude Include="mode\ModeRefStrokeTrim.h">
      <Filter>MODE</Filter>
    </ClInclude>
    <ClInclude Include="mode\ModeSegLocalRGrow.h">
      <Filter>MODE</Filter>
    </ClInclude>
    <ClInclude Include="mode\ModeSegThreshfieldPaint.h">
      <Filter>MODE</Filter>
    </ClInclude>
    <ClInclude Include="mode\ModeSegVoxelPaint.h">
      <Filter>MODE</Filter>
    </ClInclude>
    <ClInclude Include="FormRefStrokeTrim.h">
      <Filter>Forms</Filter>
    </ClInclude>
    <ClInclude Include="FormSegLocalRGrow.h">
      <Filter>Forms</Filter>
    </ClInclude>
    <ClInclude Include="FormSegThreshfieldPaint.h">
      <Filter>Forms</Filter>
    </ClInclude>
    <ClInclude Include="FormSegVoxelPaint.h">
      <Filter>Forms</Filter>
    </ClInclude>
    <ClInclude Include="MaskData.h">
      <Filter>ヘッダー ファイル</Filter>
    </ClInclude>
    <ClInclude Include="FormIntegerSelection.h">
      <Filter>Forms</Filter>
    </ClInclude>
    <ClInclude Include="mode\ModeSegParallelWires.h">
      <Filter>MODE</Filter>
    </ClInclude>
    <ClInclude Include="FormSegParallelWires.h">
      <Filter>MODE</Filter>
    </ClInclude>
    <ClInclude Include="FormSubView.h">
      <Filter>Forms</Filter>
    </ClInclude>
    <ClInclude Include="LogCore.h">
      <Filter>ヘッダー ファイル</Filter>
    </ClInclude>
    <ClInclude Include="mode\ModeCommonTools.h">
      <Filter>MODE</Filter>
    </ClInclude>
    <ClInclude Include="mode\ModeInterface.h">
      <Filter>MODE</Filter>
    </ClInclude>
    <ClInclude Include="ViewAngleCore.h">
      <Filter>ソース ファイル</Filter>
    </ClInclude>
    <ClInclude Include="..\..\3rdParty\riken\TMaxFlow_BK4.h">
      <Filter>3rdparty</Filter>
    </ClInclude>
    <ClInclude Include="..\..\3rdParty\riken\TWatershedEx.h">
      <Filter>3rdparty</Filter>
    </ClInclude>
    <ClInclude Include="..\..\3rdParty\vvv\ddsbase.h">
      <Filter>3rdparty</Filter>
    </ClInclude>
    <ClInclude Include="..\..\COMMON\HarmCoord3D.h">
      <Filter>COMMON</Filter>
    </ClInclude>
    <ClInclude Include="..\..\COMMON\kcurves.h">
      <Filter>COMMON</Filter>
    </ClInclude>
    <ClInclude Include="..\..\COMMON\OglForCLI.h">
      <Filter>COMMON</Filter>
    </ClInclude>
    <ClInclude Include="..\..\COMMON\OglImage.h">
      <Filter>COMMON</Filter>
    </ClInclude>
    <ClInclude Include="..\..\COMMON\thandle3d.h">
      <Filter>COMMON</Filter>
    </ClInclude>
    <ClInclude Include="..\..\COMMON\timageloader.h">
      <Filter>COMMON</Filter>
    </ClInclude>
    <ClInclude Include="..\..\COMMON\tmarchingcubes.h">
      <Filter>COMMON</Filter>
    </ClInclude>
    <ClInclude Include="..\..\COMMON\tmath.h">
      <Filter>COMMON</Filter>
    </ClInclude>
    <ClInclude Include="..\..\COMMON\tmesh.h">
      <Filter>COMMON</Filter>
    </ClInclude>
    <ClInclude Include="..\..\COMMON\tqueue.h">
      <Filter>COMMON</Filter>
    </ClInclude>
    <ClInclude Include="..\..\COMMON\ttrianglesoup.h">
      <Filter>COMMON</Filter>
    </ClInclude>
    <ClInclude Include="..\..\3rdParty\dcmtk\tdcmtk.h">
      <Filter>3rdparty</Filter>
    </ClInclude>
  </ItemGroup>
  <ItemGroup>
    <ResourceCompile Include="app.rc">
      <Filter>リソース ファイル</Filter>
    </ResourceCompile>
  </ItemGroup>
  <ItemGroup>
    <ClCompile Include="RoiPainter3D.cpp">
      <Filter>ソース ファイル</Filter>
    </ClCompile>
    <ClCompile Include="AssemblyInfo.cpp">
      <Filter>ソース ファイル</Filter>
    </ClCompile>
    <ClCompile Include="ModeCore.cpp">
      <Filter>ソース ファイル</Filter>
    </ClCompile>
    <ClCompile Include="ImageCore.cpp">
      <Filter>ソース ファイル</Filter>
    </ClCompile>
    <ClCompile Include="mode\ModeVizNormal.cpp">
      <Filter>MODE</Filter>
    </ClCompile>
    <ClCompile Include="mode\GlslShader.cpp">
      <Filter>MODE</Filter>
    </ClCompile>
    <ClCompile Include="CrsSecCore.cpp">
      <Filter>ソース ファイル</Filter>
    </ClCompile>
    <ClCompile Include="ViewAngleCore.cpp">
      <Filter>ソース ファイル</Filter>
    </ClCompile>
    <ClCompile Include="mode\ModeVizMask.cpp">
      <Filter>MODE</Filter>
    </ClCompile>
    <ClCompile Include="mode\ModeSegGCut.cpp">
      <Filter>MODE</Filter>
    </ClCompile>
    <ClCompile Include="mode\ModeSegRGrow.cpp">
      <Filter>MODE</Filter>
    </ClCompile>
    <ClCompile Include="mode\ModeRefStrokeTrim.cpp">
      <Filter>MODE</Filter>
    </ClCompile>
    <ClCompile Include="mode\ModeSegLocalRGrow.cpp">
      <Filter>MODE</Filter>
    </ClCompile>
    <ClCompile Include="mode\ModeSegThreshfieldPaint.cpp">
      <Filter>MODE</Filter>
    </ClCompile>
    <ClCompile Include="mode\ModeSegVoxelPaint.cpp">
      <Filter>MODE</Filter>
    </ClCompile>
    <ClCompile Include="mode\ModeSegParallelWires.cpp">
      <Filter>MODE</Filter>
    </ClCompile>
    <ClCompile Include="LogCore.cpp">
      <Filter>ソース ファイル</Filter>
    </ClCompile>
    <ClCompile Include="mode\ModeCommonTools.cpp">
      <Filter>MODE</Filter>
    </ClCompile>
    <ClCompile Include="mode\ModeInterface.cpp">
      <Filter>MODE</Filter>
    </ClCompile>
    <ClCompile Include="FormIntegerSelection.cpp">
      <Filter>Forms</Filter>
    </ClCompile>
    <ClCompile Include="FormMain.cpp">
      <Filter>Forms</Filter>
    </ClCompile>
    <ClCompile Include="FormMaskIDselection.cpp">
      <Filter>Forms</Filter>
    </ClCompile>
    <ClCompile Include="FormRefStrokeTrim.cpp">
      <Filter>Forms</Filter>
    </ClCompile>
    <ClCompile Include="FormSegGCut.cpp">
      <Filter>Forms</Filter>
    </ClCompile>
    <ClCompile Include="FormSegLocalRGrow.cpp">
      <Filter>Forms</Filter>
    </ClCompile>
    <ClCompile Include="FormSegParallelWires.cpp">
      <Filter>Forms</Filter>
    </ClCompile>
    <ClCompile Include="FormSegRGrow.cpp">
      <Filter>Forms</Filter>
    </ClCompile>
    <ClCompile Include="FormSegThreshfieldPaint.cpp">
      <Filter>Forms</Filter>
    </ClCompile>
    <ClCompile Include="FormSegVoxelPaint.cpp">
      <Filter>Forms</Filter>
    </ClCompile>
    <ClCompile Include="FormStackOrder.cpp">
      <Filter>Forms</Filter>
    </ClCompile>
    <ClCompile Include="FormSubView.cpp">
      <Filter>Forms</Filter>
    </ClCompile>
    <ClCompile Include="FormVisMask.cpp">
      <Filter>Forms</Filter>
    </ClCompile>
    <ClCompile Include="FormVisNorm.cpp">
      <Filter>Forms</Filter>
    </ClCompile>
    <ClCompile Include="FormVisParam.cpp">
      <Filter>Forms</Filter>
    </ClCompile>
    <ClCompile Include="..\..\3rdParty\vvv\ddsbase.cpp">
      <Filter>3rdparty</Filter>
    </ClCompile>
    <ClCompile Include="..\..\COMMON\HarmCoord3D.cpp">
      <Filter>COMMON</Filter>
    </ClCompile>
    <ClCompile Include="..\..\COMMON\OglImage.cpp">
      <Filter>COMMON</Filter>
    </ClCompile>
    <ClCompile Include="..\..\COMMON\tmarchingcubes.cpp">
      <Filter>COMMON</Filter>
    </ClCompile>
    <ClCompile Include="..\..\COMMON\tmesh.cpp">
      <Filter>COMMON</Filter>
    </ClCompile>
    <ClCompile Include="..\..\COMMON\ttrianglesoup.cpp">
      <Filter>COMMON</Filter>
    </ClCompile>
    <ClCompile Include="..\..\3rdParty\dcmtk\tdcmtk.cpp">
      <Filter>3rdparty</Filter>
    </ClCompile>
  </ItemGroup>
  <ItemGroup>
    <Image Include="app.ico">
      <Filter>リソース ファイル</Filter>
    </Image>
  </ItemGroup>
  <ItemGroup>
    <EmbeddedResource Include="FormMain.resx">
      <Filter>リソース ファイル</Filter>
    </EmbeddedResource>
    <EmbeddedResource Include="FormVisNorm.resx">
      <Filter>リソース ファイル</Filter>
    </EmbeddedResource>
    <EmbeddedResource Include="FormVisParam.resx">
      <Filter>リソース ファイル</Filter>
    </EmbeddedResource>
    <EmbeddedResource Include="FormVisMask.resx">
      <Filter>リソース ファイル</Filter>
    </EmbeddedResource>
    <EmbeddedResource Include="FormSegRGrow.resx">
      <Filter>リソース ファイル</Filter>
    </EmbeddedResource>
    <EmbeddedResource Include="FormStackOrder.resx">
      <Filter>リソース ファイル</Filter>
    </EmbeddedResource>
    <EmbeddedResource Include="FormSegGCut.resx">
      <Filter>リソース ファイル</Filter>
    </EmbeddedResource>
    <EmbeddedResource Include="FormMaskIDselection.resx">
      <Filter>リソース ファイル</Filter>
    </EmbeddedResource>
    <EmbeddedResource Include="FormRefStrokeTrim.resx">
      <Filter>リソース ファイル</Filter>
    </EmbeddedResource>
    <EmbeddedResource Include="FormSegVoxelPaint.resx">
      <Filter>リソース ファイル</Filter>
    </EmbeddedResource>
    <EmbeddedResource Include="FormSegLocalRGrow.resx">
      <Filter>リソース ファイル</Filter>
    </EmbeddedResource>
    <EmbeddedResource Include="FormIntegerSelection.resx">
      <Filter>リソース ファイル</Filter>
    </EmbeddedResource>
    <EmbeddedResource Include="FormSegParallelWires.resx">
      <Filter>リソース ファイル</Filter>
    </EmbeddedResource>
    <EmbeddedResource Include="FormSubView.resx">
      <Filter>リソース ファイル</Filter>
    </EmbeddedResource>
  </ItemGroup>
</Project>